// !$*UTF8*$!
{
	archiveVersion = 1;
	classes = {
	};
	objectVersion = 50;
	objects = {

/* Begin PBXBuildFile section */
		30AC5BB7211B6B810043F12E /* AppDelegate.swift in Sources */ = {isa = PBXBuildFile; fileRef = 30AC5BB6211B6B810043F12E /* AppDelegate.swift */; };
		30AC5BB9211B6B830043F12E /* Assets.xcassets in Resources */ = {isa = PBXBuildFile; fileRef = 30AC5BB8211B6B830043F12E /* Assets.xcassets */; };
		401B54BB211B7A5A004AF7C7 /* PieChartView.swift in Sources */ = {isa = PBXBuildFile; fileRef = 401B54BA211B7A5A004AF7C7 /* PieChartView.swift */; };
		401B54D9211B8768004AF7C7 /* Main.storyboard in Resources */ = {isa = PBXBuildFile; fileRef = 401B54D8211B8768004AF7C7 /* Main.storyboard */; };
		401B54DB211B88D2004AF7C7 /* MainViewController.swift in Sources */ = {isa = PBXBuildFile; fileRef = 401B54DA211B88D2004AF7C7 /* MainViewController.swift */; };
		401B54DD211BB197004AF7C7 /* PieSliceLayer.swift in Sources */ = {isa = PBXBuildFile; fileRef = 401B54DC211BB197004AF7C7 /* PieSliceLayer.swift */; };
		401B54E0211D7F54004AF7C7 /* AnimatedVisualizationDataManager.swift in Sources */ = {isa = PBXBuildFile; fileRef = 401B54DF211D7F54004AF7C7 /* AnimatedVisualizationDataManager.swift */; };
		401B54E2211E0818004AF7C7 /* CAAnimation+Completion.swift in Sources */ = {isa = PBXBuildFile; fileRef = 401B54E1211E0818004AF7C7 /* CAAnimation+Completion.swift */; };
		401B54E4211E23E6004AF7C7 /* PieChartViewDelegate.swift in Sources */ = {isa = PBXBuildFile; fileRef = 401B54E3211E23E6004AF7C7 /* PieChartViewDelegate.swift */; };
		401B54E6211E23F7004AF7C7 /* PieChartViewDataSource.swift in Sources */ = {isa = PBXBuildFile; fileRef = 401B54E5211E23F7004AF7C7 /* PieChartViewDataSource.swift */; };
		401B54E8211E43A4004AF7C7 /* CALayer+Presentation.swift in Sources */ = {isa = PBXBuildFile; fileRef = 401B54E7211E43A4004AF7C7 /* CALayer+Presentation.swift */; };
/* End PBXBuildFile section */

/* Begin PBXFileReference section */
		30AC5BB3211B6B810043F12E /* MacDiskReport.app */ = {isa = PBXFileReference; explicitFileType = wrapper.application; includeInIndex = 0; path = MacDiskReport.app; sourceTree = BUILT_PRODUCTS_DIR; };
		30AC5BB6211B6B810043F12E /* AppDelegate.swift */ = {isa = PBXFileReference; lastKnownFileType = sourcecode.swift; path = AppDelegate.swift; sourceTree = "<group>"; };
		30AC5BB8211B6B830043F12E /* Assets.xcassets */ = {isa = PBXFileReference; lastKnownFileType = folder.assetcatalog; path = Assets.xcassets; sourceTree = "<group>"; };
		30AC5BBD211B6B830043F12E /* Info.plist */ = {isa = PBXFileReference; lastKnownFileType = text.plist.xml; path = Info.plist; sourceTree = "<group>"; };
		30AC5BBE211B6B830043F12E /* MacDiskReport.entitlements */ = {isa = PBXFileReference; lastKnownFileType = text.plist.entitlements; path = MacDiskReport.entitlements; sourceTree = "<group>"; };
		401B54BA211B7A5A004AF7C7 /* PieChartView.swift */ = {isa = PBXFileReference; lastKnownFileType = sourcecode.swift; path = PieChartView.swift; sourceTree = "<group>"; };
		401B54D8211B8768004AF7C7 /* Main.storyboard */ = {isa = PBXFileReference; lastKnownFileType = file.storyboard; path = Main.storyboard; sourceTree = "<group>"; };
		401B54DA211B88D2004AF7C7 /* MainViewController.swift */ = {isa = PBXFileReference; lastKnownFileType = sourcecode.swift; path = MainViewController.swift; sourceTree = "<group>"; };
		401B54DC211BB197004AF7C7 /* PieSliceLayer.swift */ = {isa = PBXFileReference; lastKnownFileType = sourcecode.swift; path = PieSliceLayer.swift; sourceTree = "<group>"; };
		401B54DF211D7F54004AF7C7 /* AnimatedVisualizationDataManager.swift */ = {isa = PBXFileReference; lastKnownFileType = sourcecode.swift; path = AnimatedVisualizationDataManager.swift; sourceTree = "<group>"; };
		401B54E1211E0818004AF7C7 /* CAAnimation+Completion.swift */ = {isa = PBXFileReference; lastKnownFileType = sourcecode.swift; path = "CAAnimation+Completion.swift"; sourceTree = "<group>"; };
		401B54E3211E23E6004AF7C7 /* PieChartViewDelegate.swift */ = {isa = PBXFileReference; lastKnownFileType = sourcecode.swift; path = PieChartViewDelegate.swift; sourceTree = "<group>"; };
		401B54E5211E23F7004AF7C7 /* PieChartViewDataSource.swift */ = {isa = PBXFileReference; lastKnownFileType = sourcecode.swift; path = PieChartViewDataSource.swift; sourceTree = "<group>"; };
		401B54E7211E43A4004AF7C7 /* CALayer+Presentation.swift */ = {isa = PBXFileReference; lastKnownFileType = sourcecode.swift; path = "CALayer+Presentation.swift"; sourceTree = "<group>"; };
/* End PBXFileReference section */

/* Begin PBXFrameworksBuildPhase section */
		30AC5BB0211B6B810043F12E /* Frameworks */ = {
			isa = PBXFrameworksBuildPhase;
			buildActionMask = 2147483647;
			files = (
			);
			runOnlyForDeploymentPostprocessing = 0;
		};
/* End PBXFrameworksBuildPhase section */

/* Begin PBXGroup section */
		30AC5BAA211B6B810043F12E = {
			isa = PBXGroup;
			children = (
				30AC5BB5211B6B810043F12E /* MacDiskReport */,
				30AC5BB4211B6B810043F12E /* Products */,
			);
			sourceTree = "<group>";
		};
		30AC5BB4211B6B810043F12E /* Products */ = {
			isa = PBXGroup;
			children = (
				30AC5BB3211B6B810043F12E /* MacDiskReport.app */,
			);
			name = Products;
			sourceTree = "<group>";
		};
		30AC5BB5211B6B810043F12E /* MacDiskReport */ = {
			isa = PBXGroup;
			children = (
				401B54B5211B7859004AF7C7 /* Supporting Files */,
				401B54B6211B797B004AF7C7 /* GUI */,
			);
			path = MacDiskReport;
			sourceTree = "<group>";
		};
		401B54B5211B7859004AF7C7 /* Supporting Files */ = {
			isa = PBXGroup;
			children = (
				30AC5BB6211B6B810043F12E /* AppDelegate.swift */,
				30AC5BB8211B6B830043F12E /* Assets.xcassets */,
				30AC5BBD211B6B830043F12E /* Info.plist */,
				30AC5BBE211B6B830043F12E /* MacDiskReport.entitlements */,
			);
			path = "Supporting Files";
			sourceTree = "<group>";
		};
		401B54B6211B797B004AF7C7 /* GUI */ = {
			isa = PBXGroup;
			children = (
				401B54D8211B8768004AF7C7 /* Main.storyboard */,
				401B54DA211B88D2004AF7C7 /* MainViewController.swift */,
				401B54B9211B7A1A004AF7C7 /* Components */,
			);
			path = GUI;
			sourceTree = "<group>";
		};
		401B54B9211B7A1A004AF7C7 /* Components */ = {
			isa = PBXGroup;
			children = (
				401B54DE211C3C06004AF7C7 /* PieChart */,
			);
			path = Components;
			sourceTree = "<group>";
		};
		401B54DE211C3C06004AF7C7 /* PieChart */ = {
			isa = PBXGroup;
			children = (
				401B54BA211B7A5A004AF7C7 /* PieChartView.swift */,
				401B54E3211E23E6004AF7C7 /* PieChartViewDelegate.swift */,
				401B54E5211E23F7004AF7C7 /* PieChartViewDataSource.swift */,
				401B54DC211BB197004AF7C7 /* PieSliceLayer.swift */,
				401B54DF211D7F54004AF7C7 /* AnimatedVisualizationDataManager.swift */,
				401B54E1211E0818004AF7C7 /* CAAnimation+Completion.swift */,
				401B54E7211E43A4004AF7C7 /* CALayer+Presentation.swift */,
			);
			path = PieChart;
			sourceTree = "<group>";
		};
/* End PBXGroup section */

/* Begin PBXNativeTarget section */
		30AC5BB2211B6B810043F12E /* MacDiskReport */ = {
			isa = PBXNativeTarget;
			buildConfigurationList = 30AC5BC1211B6B830043F12E /* Build configuration list for PBXNativeTarget "MacDiskReport" */;
			buildPhases = (
				30AC5BAF211B6B810043F12E /* Sources */,
				30AC5BB0211B6B810043F12E /* Frameworks */,
				30AC5BB1211B6B810043F12E /* Resources */,
				401B54B4211B7598004AF7C7 /* swiftlint */,
			);
			buildRules = (
			);
			dependencies = (
			);
			name = MacDiskReport;
			productName = MacDiskReport;
			productReference = 30AC5BB3211B6B810043F12E /* MacDiskReport.app */;
			productType = "com.apple.product-type.application";
		};
/* End PBXNativeTarget section */

/* Begin PBXProject section */
		30AC5BAB211B6B810043F12E /* Project object */ = {
			isa = PBXProject;
			attributes = {
				LastSwiftUpdateCheck = 1000;
				LastUpgradeCheck = 1000;
				ORGANIZATIONNAME = "Til Blechschmidt";
				TargetAttributes = {
					30AC5BB2211B6B810043F12E = {
						CreatedOnToolsVersion = 10.0;
					};
				};
			};
			buildConfigurationList = 30AC5BAE211B6B810043F12E /* Build configuration list for PBXProject "MacDiskReport" */;
			compatibilityVersion = "Xcode 9.3";
			developmentRegion = en;
			hasScannedForEncodings = 0;
			knownRegions = (
				en,
				Base,
			);
			mainGroup = 30AC5BAA211B6B810043F12E;
			productRefGroup = 30AC5BB4211B6B810043F12E /* Products */;
			projectDirPath = "";
			projectRoot = "";
			targets = (
				30AC5BB2211B6B810043F12E /* MacDiskReport */,
			);
		};
/* End PBXProject section */

/* Begin PBXResourcesBuildPhase section */
		30AC5BB1211B6B810043F12E /* Resources */ = {
			isa = PBXResourcesBuildPhase;
			buildActionMask = 2147483647;
			files = (
				401B54D9211B8768004AF7C7 /* Main.storyboard in Resources */,
				30AC5BB9211B6B830043F12E /* Assets.xcassets in Resources */,
			);
			runOnlyForDeploymentPostprocessing = 0;
		};
/* End PBXResourcesBuildPhase section */

/* Begin PBXShellScriptBuildPhase section */
		401B54B4211B7598004AF7C7 /* swiftlint */ = {
			isa = PBXShellScriptBuildPhase;
			buildActionMask = 2147483647;
			files = (
			);
			inputFileListPaths = (
			);
			inputPaths = (
			);
			name = swiftlint;
			outputFileListPaths = (
			);
			outputPaths = (
			);
			runOnlyForDeploymentPostprocessing = 0;
			shellPath = /bin/sh;
			shellScript = "if which swiftlint >/dev/null; then\n    swiftlint\nelse\n    echo \"error: SwiftLint does not exist, download it from https://github.com/realm/SwiftLint or use brew install swiftlint\"\n    exit 1\nfi\n";
		};
/* End PBXShellScriptBuildPhase section */

/* Begin PBXSourcesBuildPhase section */
		30AC5BAF211B6B810043F12E /* Sources */ = {
			isa = PBXSourcesBuildPhase;
			buildActionMask = 2147483647;
			files = (
				401B54E4211E23E6004AF7C7 /* PieChartViewDelegate.swift in Sources */,
				401B54E2211E0818004AF7C7 /* CAAnimation+Completion.swift in Sources */,
				401B54DB211B88D2004AF7C7 /* MainViewController.swift in Sources */,
				401B54DD211BB197004AF7C7 /* PieSliceLayer.swift in Sources */,
				401B54BB211B7A5A004AF7C7 /* PieChartView.swift in Sources */,
				401B54E6211E23F7004AF7C7 /* PieChartViewDataSource.swift in Sources */,
				401B54E0211D7F54004AF7C7 /* AnimatedVisualizationDataManager.swift in Sources */,
				30AC5BB7211B6B810043F12E /* AppDelegate.swift in Sources */,
				401B54E8211E43A4004AF7C7 /* CALayer+Presentation.swift in Sources */,
			);
			runOnlyForDeploymentPostprocessing = 0;
		};
/* End PBXSourcesBuildPhase section */

/* Begin XCBuildConfiguration section */
		30AC5BBF211B6B830043F12E /* Debug */ = {
			isa = XCBuildConfiguration;
			buildSettings = {
				ALWAYS_SEARCH_USER_PATHS = NO;
				CLANG_ANALYZER_NONNULL = YES;
				CLANG_ANALYZER_NUMBER_OBJECT_CONVERSION = YES_AGGRESSIVE;
				CLANG_CXX_LANGUAGE_STANDARD = "gnu++14";
				CLANG_CXX_LIBRARY = "libc++";
				CLANG_ENABLE_MODULES = YES;
				CLANG_ENABLE_OBJC_ARC = YES;
				CLANG_ENABLE_OBJC_WEAK = YES;
				CLANG_WARN_BLOCK_CAPTURE_AUTORELEASING = YES;
				CLANG_WARN_BOOL_CONVERSION = YES;
				CLANG_WARN_COMMA = YES;
				CLANG_WARN_CONSTANT_CONVERSION = YES;
				CLANG_WARN_DEPRECATED_OBJC_IMPLEMENTATIONS = YES;
				CLANG_WARN_DIRECT_OBJC_ISA_USAGE = YES_ERROR;
				CLANG_WARN_DOCUMENTATION_COMMENTS = YES;
				CLANG_WARN_EMPTY_BODY = YES;
				CLANG_WARN_ENUM_CONVERSION = YES;
				CLANG_WARN_INFINITE_RECURSION = YES;
				CLANG_WARN_INT_CONVERSION = YES;
				CLANG_WARN_NON_LITERAL_NULL_CONVERSION = YES;
				CLANG_WARN_OBJC_IMPLICIT_RETAIN_SELF = YES;
				CLANG_WARN_OBJC_LITERAL_CONVERSION = YES;
				CLANG_WARN_OBJC_ROOT_CLASS = YES_ERROR;
				CLANG_WARN_RANGE_LOOP_ANALYSIS = YES;
				CLANG_WARN_STRICT_PROTOTYPES = YES;
				CLANG_WARN_SUSPICIOUS_MOVE = YES;
				CLANG_WARN_UNGUARDED_AVAILABILITY = YES_AGGRESSIVE;
				CLANG_WARN_UNREACHABLE_CODE = YES;
				CLANG_WARN__DUPLICATE_METHOD_MATCH = YES;
				CODE_SIGN_IDENTITY = "-";
				COPY_PHASE_STRIP = NO;
				DEBUG_INFORMATION_FORMAT = dwarf;
				ENABLE_STRICT_OBJC_MSGSEND = YES;
				ENABLE_TESTABILITY = YES;
				GCC_C_LANGUAGE_STANDARD = gnu11;
				GCC_DYNAMIC_NO_PIC = NO;
				GCC_NO_COMMON_BLOCKS = YES;
				GCC_OPTIMIZATION_LEVEL = 0;
				GCC_PREPROCESSOR_DEFINITIONS = (
					"DEBUG=1",
					"$(inherited)",
				);
				GCC_WARN_64_TO_32_BIT_CONVERSION = YES;
				GCC_WARN_ABOUT_RETURN_TYPE = YES_ERROR;
				GCC_WARN_UNDECLARED_SELECTOR = YES;
				GCC_WARN_UNINITIALIZED_AUTOS = YES_AGGRESSIVE;
				GCC_WARN_UNUSED_FUNCTION = YES;
				GCC_WARN_UNUSED_VARIABLE = YES;
				MACOSX_DEPLOYMENT_TARGET = 10.14;
				MTL_ENABLE_DEBUG_INFO = INCLUDE_SOURCE;
				MTL_FAST_MATH = YES;
				ONLY_ACTIVE_ARCH = YES;
				SDKROOT = macosx;
				SWIFT_ACTIVE_COMPILATION_CONDITIONS = DEBUG;
				SWIFT_OPTIMIZATION_LEVEL = "-Onone";
			};
			name = Debug;
		};
		30AC5BC0211B6B830043F12E /* Release */ = {
			isa = XCBuildConfiguration;
			buildSettings = {
				ALWAYS_SEARCH_USER_PATHS = NO;
				CLANG_ANALYZER_NONNULL = YES;
				CLANG_ANALYZER_NUMBER_OBJECT_CONVERSION = YES_AGGRESSIVE;
				CLANG_CXX_LANGUAGE_STANDARD = "gnu++14";
				CLANG_CXX_LIBRARY = "libc++";
				CLANG_ENABLE_MODULES = YES;
				CLANG_ENABLE_OBJC_ARC = YES;
				CLANG_ENABLE_OBJC_WEAK = YES;
				CLANG_WARN_BLOCK_CAPTURE_AUTORELEASING = YES;
				CLANG_WARN_BOOL_CONVERSION = YES;
				CLANG_WARN_COMMA = YES;
				CLANG_WARN_CONSTANT_CONVERSION = YES;
				CLANG_WARN_DEPRECATED_OBJC_IMPLEMENTATIONS = YES;
				CLANG_WARN_DIRECT_OBJC_ISA_USAGE = YES_ERROR;
				CLANG_WARN_DOCUMENTATION_COMMENTS = YES;
				CLANG_WARN_EMPTY_BODY = YES;
				CLANG_WARN_ENUM_CONVERSION = YES;
				CLANG_WARN_INFINITE_RECURSION = YES;
				CLANG_WARN_INT_CONVERSION = YES;
				CLANG_WARN_NON_LITERAL_NULL_CONVERSION = YES;
				CLANG_WARN_OBJC_IMPLICIT_RETAIN_SELF = YES;
				CLANG_WARN_OBJC_LITERAL_CONVERSION = YES;
				CLANG_WARN_OBJC_ROOT_CLASS = YES_ERROR;
				CLANG_WARN_RANGE_LOOP_ANALYSIS = YES;
				CLANG_WARN_STRICT_PROTOTYPES = YES;
				CLANG_WARN_SUSPICIOUS_MOVE = YES;
				CLANG_WARN_UNGUARDED_AVAILABILITY = YES_AGGRESSIVE;
				CLANG_WARN_UNREACHABLE_CODE = YES;
				CLANG_WARN__DUPLICATE_METHOD_MATCH = YES;
				CODE_SIGN_IDENTITY = "-";
				COPY_PHASE_STRIP = NO;
				DEBUG_INFORMATION_FORMAT = "dwarf-with-dsym";
				ENABLE_NS_ASSERTIONS = NO;
				ENABLE_STRICT_OBJC_MSGSEND = YES;
				GCC_C_LANGUAGE_STANDARD = gnu11;
				GCC_NO_COMMON_BLOCKS = YES;
				GCC_WARN_64_TO_32_BIT_CONVERSION = YES;
				GCC_WARN_ABOUT_RETURN_TYPE = YES_ERROR;
				GCC_WARN_UNDECLARED_SELECTOR = YES;
				GCC_WARN_UNINITIALIZED_AUTOS = YES_AGGRESSIVE;
				GCC_WARN_UNUSED_FUNCTION = YES;
				GCC_WARN_UNUSED_VARIABLE = YES;
				MACOSX_DEPLOYMENT_TARGET = 10.14;
				MTL_ENABLE_DEBUG_INFO = NO;
				MTL_FAST_MATH = YES;
				SDKROOT = macosx;
				SWIFT_COMPILATION_MODE = wholemodule;
				SWIFT_OPTIMIZATION_LEVEL = "-O";
			};
			name = Release;
		};
		30AC5BC2211B6B830043F12E /* Debug */ = {
			isa = XCBuildConfiguration;
			buildSettings = {
				ASSETCATALOG_COMPILER_APPICON_NAME = AppIcon;
				CODE_SIGN_ENTITLEMENTS = "MacDiskReport/Supporting Files/MacDiskReport.entitlements";
				CODE_SIGN_STYLE = Automatic;
				COMBINE_HIDPI_IMAGES = YES;
				INFOPLIST_FILE = "MacDiskReport/Supporting Files/Info.plist";
				LD_RUNPATH_SEARCH_PATHS = (
					"$(inherited)",
					"@executable_path/../Frameworks",
				);
				PRODUCT_BUNDLE_IDENTIFIER = de.blechschmidt.MacDiskReport;
				PRODUCT_NAME = "$(TARGET_NAME)";
				SWIFT_VERSION = 4.2;
			};
			name = Debug;
		};
		30AC5BC3211B6B830043F12E /* Release */ = {
			isa = XCBuildConfiguration;
			buildSettings = {
				ASSETCATALOG_COMPILER_APPICON_NAME = AppIcon;
				CODE_SIGN_ENTITLEMENTS = "MacDiskReport/Supporting Files/MacDiskReport.entitlements";
				CODE_SIGN_STYLE = Automatic;
				COMBINE_HIDPI_IMAGES = YES;
				INFOPLIST_FILE = "MacDiskReport/Supporting Files/Info.plist";
				LD_RUNPATH_SEARCH_PATHS = (
					"$(inherited)",
					"@executable_path/../Frameworks",
				);
				PRODUCT_BUNDLE_IDENTIFIER = de.blechschmidt.MacDiskReport;
				PRODUCT_NAME = "$(TARGET_NAME)";
				SWIFT_VERSION = 4.2;
			};
			name = Release;
		};
/* End XCBuildConfiguration section */

/* Begin XCConfigurationList section */
		30AC5BAE211B6B810043F12E /* Build configuration list for PBXProject "MacDiskReport" */ = {
			isa = XCConfigurationList;
			buildConfigurations = (
				30AC5BBF211B6B830043F12E /* Debug */,
				30AC5BC0211B6B830043F12E /* Release */,
			);
			defaultConfigurationIsVisible = 0;
			defaultConfigurationName = Release;
		};
		30AC5BC1211B6B830043F12E /* Build configuration list for PBXNativeTarget "MacDiskReport" */ = {
			isa = XCConfigurationList;
			buildConfigurations = (
				30AC5BC2211B6B830043F12E /* Debug */,
				30AC5BC3211B6B830043F12E /* Release */,
			);
			defaultConfigurationIsVisible = 0;
			defaultConfigurationName = Release;
		};
/* End XCConfigurationList section */
	};
	rootObject = 30AC5BAB211B6B810043F12E /* Project object */;
}
